
Microsoft Visual Studio Solution File, Format Version 12.00
# Visual Studio Version 17
VisualStudioVersion = 17.12.35527.113 d17.12
MinimumVisualStudioVersion = 10.0.40219.1
Project("{FAE04EC0-301F-11D3-BF4B-00C04F79EFBC}") = "WebApplication1", "WebApplication1\WebApplication1.csproj", "{ED19D05A-FB8E-4F34-B69E-BA7AF9232D9D}"
EndProject
Project("{E53339B2-1760-4266-BCC7-CA923CBCF16C}") = "docker-compose", "docker-compose.dcproj", "{DE5DD626-08BB-42E6-851E-8D8302D5519C}"
EndProject
Global
	GlobalSection(SolutionConfigurationPlatforms) = preSolution
		Debug|Any CPU = Debug|Any CPU
		Release|Any CPU = Release|Any CPU
	EndGlobalSection
	GlobalSection(ProjectConfigurationPlatforms) = postSolution
		{ED19D05A-FB8E-4F34-B69E-BA7AF9232D9D}.Debug|Any CPU.ActiveCfg = Debug|Any CPU
		{ED19D05A-FB8E-4F34-B69E-BA7AF9232D9D}.Debug|Any CPU.Build.0 = Debug|Any CPU
		{ED19D05A-FB8E-4F34-B69E-BA7AF9232D9D}.Release|Any CPU.ActiveCfg = Release|Any CPU
		{ED19D05A-FB8E-4F34-B69E-BA7AF9232D9D}.Release|Any CPU.Build.0 = Release|Any CPU
		{DE5DD626-08BB-42E6-851E-8D8302D5519C}.Debug|Any CPU.ActiveCfg = Debug|Any CPU
		{DE5DD626-08BB-42E6-851E-8D8302D5519C}.Debug|Any CPU.Build.0 = Debug|Any CPU
		{DE5DD626-08BB-42E6-851E-8D8302D5519C}.Release|Any CPU.ActiveCfg = Release|Any CPU
		{DE5DD626-08BB-42E6-851E-8D8302D5519C}.Release|Any CPU.Build.0 = Release|Any CPU
	EndGlobalSection
	GlobalSection(SolutionProperties) = preSolution
		HideSolutionNode = FALSE
	EndGlobalSection
EndGlobal
